
Microsoft Visual Studio Solution File, Format Version 12.00
# Visual Studio Version 17
VisualStudioVersion = 17.13.35919.96 d17.13
MinimumVisualStudioVersion = 10.0.40219.1
Project("{FAE04EC0-301F-11D3-BF4B-00C04F79EFBC}") = "ej1dependencias", "ej1dependencias\ej1dependencias.csproj", "{07F291F9-AD12-495B-96C9-A790D8C80409}"
EndProject
Global
	GlobalSection(SolutionConfigurationPlatforms) = preSolution
		Debug|Any CPU = Debug|Any CPU
		Release|Any CPU = Release|Any CPU
	EndGlobalSection
	GlobalSection(ProjectConfigurationPlatforms) = postSolution
		{07F291F9-AD12-495B-96C9-A790D8C80409}.Debug|Any CPU.ActiveCfg = Debug|Any CPU
		{07F291F9-AD12-495B-96C9-A790D8C80409}.Debug|Any CPU.Build.0 = Debug|Any CPU
		{07F291F9-AD12-495B-96C9-A790D8C80409}.Release|Any CPU.ActiveCfg = Release|Any CPU
		{07F291F9-AD12-495B-96C9-A790D8C80409}.Release|Any CPU.Build.0 = Release|Any CPU
	EndGlobalSection
	GlobalSection(SolutionProperties) = preSolution
		HideSolutionNode = FALSE
	EndGlobalSection
	GlobalSection(ExtensibilityGlobals) = postSolution
		SolutionGuid = {EED87815-827A-4859-BFEE-873D9F859FCF}
	EndGlobalSection
EndGlobal
